
Microsoft Visual Studio Solution File, Format Version 12.00
# Visual Studio Version 17
VisualStudioVersion = 17.11.35312.102
MinimumVisualStudioVersion = 10.0.40219.1
Project("{FAE04EC0-301F-11D3-BF4B-00C04F79EFBC}") = "restef", "restef\restef.csproj", "{F7E4C2C0-385F-40FD-BD8C-D3D7226BC464}"
EndProject
Global
	GlobalSection(SolutionConfigurationPlatforms) = preSolution
		Debug|Any CPU = Debug|Any CPU
		Release|Any CPU = Release|Any CPU
	EndGlobalSection
	GlobalSection(ProjectConfigurationPlatforms) = postSolution
		{F7E4C2C0-385F-40FD-BD8C-D3D7226BC464}.Debug|Any CPU.ActiveCfg = Debug|Any CPU
		{F7E4C2C0-385F-40FD-BD8C-D3D7226BC464}.Debug|Any CPU.Build.0 = Debug|Any CPU
		{F7E4C2C0-385F-40FD-BD8C-D3D7226BC464}.Release|Any CPU.ActiveCfg = Release|Any CPU
		{F7E4C2C0-385F-40FD-BD8C-D3D7226BC464}.Release|Any CPU.Build.0 = Release|Any CPU
	EndGlobalSection
	GlobalSection(SolutionProperties) = preSolution
		HideSolutionNode = FALSE
	EndGlobalSection
	GlobalSection(ExtensibilityGlobals) = postSolution
		SolutionGuid = {65FEC475-03A4-4E7E-B003-022AE07ADCF4}
	EndGlobalSection
EndGlobal
